// !$*UTF8*$!
{
	archiveVersion = 1;
	classes = {
	};
	objectVersion = 51;
	objects = {

/* Begin PBXBuildFile section */
		5E1E27C626E2B53B0001FFA0 /* GoogleService-Info.plist in Resources */ = {isa = PBXBuildFile; fileRef = 5E1E27C526E2B53B0001FFA0 /* GoogleService-Info.plist */; };
		5E1E27C826E2BA3B0001FFA0 /* ToysTableViewController.swift in Sources */ = {isa = PBXBuildFile; fileRef = 5E1E27C726E2BA3B0001FFA0 /* ToysTableViewController.swift */; };
		5E1E27CA26E313F20001FFA0 /* ToysItem.swift in Sources */ = {isa = PBXBuildFile; fileRef = 5E1E27C926E313F20001FFA0 /* ToysItem.swift */; };
		5E1E27CC26E327D30001FFA0 /* ToysTableViewCell.swift in Sources */ = {isa = PBXBuildFile; fileRef = 5E1E27CB26E327D30001FFA0 /* ToysTableViewCell.swift */; };
		5E27C33B26E1BDAC008CFCB2 /* AppDelegate.swift in Sources */ = {isa = PBXBuildFile; fileRef = 5E27C33A26E1BDAC008CFCB2 /* AppDelegate.swift */; };
		5E27C33D26E1BDAC008CFCB2 /* SceneDelegate.swift in Sources */ = {isa = PBXBuildFile; fileRef = 5E27C33C26E1BDAC008CFCB2 /* SceneDelegate.swift */; };
		5E27C34226E1BDAC008CFCB2 /* Main.storyboard in Resources */ = {isa = PBXBuildFile; fileRef = 5E27C34026E1BDAC008CFCB2 /* Main.storyboard */; };
		5E27C34426E1BDAF008CFCB2 /* Assets.xcassets in Resources */ = {isa = PBXBuildFile; fileRef = 5E27C34326E1BDAF008CFCB2 /* Assets.xcassets */; };
		5E27C34726E1BDAF008CFCB2 /* LaunchScreen.storyboard in Resources */ = {isa = PBXBuildFile; fileRef = 5E27C34526E1BDAF008CFCB2 /* LaunchScreen.storyboard */; };
		5E27C34F26E1C19A008CFCB2 /* ToysViewController.swift in Sources */ = {isa = PBXBuildFile; fileRef = 5E27C34E26E1C19A008CFCB2 /* ToysViewController.swift */; };
		9889E4B54AC97A5B6DACDC8E /* Pods_ToysListIOS.framework in Frameworks */ = {isa = PBXBuildFile; fileRef = 3CA933D2AE83B43258D25438 /* Pods_ToysListIOS.framework */; };
/* End PBXBuildFile section */

/* Begin PBXFileReference section */
		04CB7AC23BBE12F98EEA7F6D /* Pods-ToysListIOS.release.xcconfig */ = {isa = PBXFileReference; includeInIndex = 1; lastKnownFileType = text.xcconfig; name = "Pods-ToysListIOS.release.xcconfig"; path = "Target Support Files/Pods-ToysListIOS/Pods-ToysListIOS.release.xcconfig"; sourceTree = "<group>"; };
		3CA933D2AE83B43258D25438 /* Pods_ToysListIOS.framework */ = {isa = PBXFileReference; explicitFileType = wrapper.framework; includeInIndex = 0; path = Pods_ToysListIOS.framework; sourceTree = BUILT_PRODUCTS_DIR; };
		5E1E27C526E2B53B0001FFA0 /* GoogleService-Info.plist */ = {isa = PBXFileReference; fileEncoding = 4; lastKnownFileType = text.plist.xml; path = "GoogleService-Info.plist"; sourceTree = "<group>"; };
		5E1E27C726E2BA3B0001FFA0 /* ToysTableViewController.swift */ = {isa = PBXFileReference; lastKnownFileType = sourcecode.swift; path = ToysTableViewController.swift; sourceTree = "<group>"; };
		5E1E27C926E313F20001FFA0 /* ToysItem.swift */ = {isa = PBXFileReference; lastKnownFileType = sourcecode.swift; path = ToysItem.swift; sourceTree = "<group>"; };
		5E1E27CB26E327D30001FFA0 /* ToysTableViewCell.swift */ = {isa = PBXFileReference; lastKnownFileType = sourcecode.swift; path = ToysTableViewCell.swift; sourceTree = "<group>"; };
		5E27C33726E1BDAC008CFCB2 /* ToysListIOS.app */ = {isa = PBXFileReference; explicitFileType = wrapper.application; includeInIndex = 0; path = ToysListIOS.app; sourceTree = BUILT_PRODUCTS_DIR; };
		5E27C33A26E1BDAC008CFCB2 /* AppDelegate.swift */ = {isa = PBXFileReference; lastKnownFileType = sourcecode.swift; path = AppDelegate.swift; sourceTree = "<group>"; };
		5E27C33C26E1BDAC008CFCB2 /* SceneDelegate.swift */ = {isa = PBXFileReference; lastKnownFileType = sourcecode.swift; path = SceneDelegate.swift; sourceTree = "<group>"; };
		5E27C34126E1BDAC008CFCB2 /* Base */ = {isa = PBXFileReference; lastKnownFileType = file.storyboard; name = Base; path = Base.lproj/Main.storyboard; sourceTree = "<group>"; };
		5E27C34326E1BDAF008CFCB2 /* Assets.xcassets */ = {isa = PBXFileReference; lastKnownFileType = folder.assetcatalog; path = Assets.xcassets; sourceTree = "<group>"; };
		5E27C34626E1BDAF008CFCB2 /* Base */ = {isa = PBXFileReference; lastKnownFileType = file.storyboard; name = Base; path = Base.lproj/LaunchScreen.storyboard; sourceTree = "<group>"; };
		5E27C34826E1BDAF008CFCB2 /* Info.plist */ = {isa = PBXFileReference; lastKnownFileType = text.plist.xml; path = Info.plist; sourceTree = "<group>"; };
		5E27C34E26E1C19A008CFCB2 /* ToysViewController.swift */ = {isa = PBXFileReference; lastKnownFileType = sourcecode.swift; path = ToysViewController.swift; sourceTree = "<group>"; };
		F4D9C0FAD8E83C6B67A8D9AB /* Pods-ToysListIOS.debug.xcconfig */ = {isa = PBXFileReference; includeInIndex = 1; lastKnownFileType = text.xcconfig; name = "Pods-ToysListIOS.debug.xcconfig"; path = "Target Support Files/Pods-ToysListIOS/Pods-ToysListIOS.debug.xcconfig"; sourceTree = "<group>"; };
/* End PBXFileReference section */

/* Begin PBXFrameworksBuildPhase section */
		5E27C33426E1BDAC008CFCB2 /* Frameworks */ = {
			isa = PBXFrameworksBuildPhase;
			buildActionMask = 2147483647;
			files = (
				9889E4B54AC97A5B6DACDC8E /* Pods_ToysListIOS.framework in Frameworks */,
			);
			runOnlyForDeploymentPostprocessing = 0;
		};
/* End PBXFrameworksBuildPhase section */

/* Begin PBXGroup section */
		4FCE963E65887AAB28B89B5E /* Pods */ = {
			isa = PBXGroup;
			children = (
				F4D9C0FAD8E83C6B67A8D9AB /* Pods-ToysListIOS.debug.xcconfig */,
				04CB7AC23BBE12F98EEA7F6D /* Pods-ToysListIOS.release.xcconfig */,
			);
			path = Pods;
			sourceTree = "<group>";
		};
		5E27C32E26E1BDAC008CFCB2 = {
			isa = PBXGroup;
			children = (
				5E27C33926E1BDAC008CFCB2 /* ToysListIOS */,
				5E27C33826E1BDAC008CFCB2 /* Products */,
				4FCE963E65887AAB28B89B5E /* Pods */,
				6C23810DBA9C4DF72742FF05 /* Frameworks */,
			);
			sourceTree = "<group>";
		};
		5E27C33826E1BDAC008CFCB2 /* Products */ = {
			isa = PBXGroup;
			children = (
				5E27C33726E1BDAC008CFCB2 /* ToysListIOS.app */,
			);
			name = Products;
			sourceTree = "<group>";
		};
		5E27C33926E1BDAC008CFCB2 /* ToysListIOS */ = {
			isa = PBXGroup;
			children = (
				5E27C33A26E1BDAC008CFCB2 /* AppDelegate.swift */,
				5E27C33C26E1BDAC008CFCB2 /* SceneDelegate.swift */,
				5E27C34E26E1C19A008CFCB2 /* ToysViewController.swift */,
				5E1E27C726E2BA3B0001FFA0 /* ToysTableViewController.swift */,
				5E1E27CB26E327D30001FFA0 /* ToysTableViewCell.swift */,
				5E27C34026E1BDAC008CFCB2 /* Main.storyboard */,
				5E27C34326E1BDAF008CFCB2 /* Assets.xcassets */,
				5E27C34526E1BDAF008CFCB2 /* LaunchScreen.storyboard */,
				5E27C34826E1BDAF008CFCB2 /* Info.plist */,
				5E1E27C526E2B53B0001FFA0 /* GoogleService-Info.plist */,
				5E1E27C926E313F20001FFA0 /* ToysItem.swift */,
			);
			path = ToysListIOS;
			sourceTree = "<group>";
		};
		6C23810DBA9C4DF72742FF05 /* Frameworks */ = {
			isa = PBXGroup;
			children = (
				3CA933D2AE83B43258D25438 /* Pods_ToysListIOS.framework */,
			);
			name = Frameworks;
			sourceTree = "<group>";
		};
/* End PBXGroup section */

/* Begin PBXNativeTarget section */
		5E27C33626E1BDAC008CFCB2 /* ToysListIOS */ = {
			isa = PBXNativeTarget;
			buildConfigurationList = 5E27C34B26E1BDAF008CFCB2 /* Build configuration list for PBXNativeTarget "ToysListIOS" */;
			buildPhases = (
				B01214777113DBB9379A2A2F /* [CP] Check Pods Manifest.lock */,
				5E27C33326E1BDAC008CFCB2 /* Sources */,
				5E27C33426E1BDAC008CFCB2 /* Frameworks */,
				5E27C33526E1BDAC008CFCB2 /* Resources */,
				76F0EB9286BCBC4395CCDDB0 /* [CP] Embed Pods Frameworks */,
			);
			buildRules = (
			);
			dependencies = (
			);
			name = ToysListIOS;
			productName = ToysListIOS;
			productReference = 5E27C33726E1BDAC008CFCB2 /* ToysListIOS.app */;
			productType = "com.apple.product-type.application";
		};
/* End PBXNativeTarget section */

/* Begin PBXProject section */
		5E27C32F26E1BDAC008CFCB2 /* Project object */ = {
			isa = PBXProject;
			attributes = {
				LastSwiftUpdateCheck = 1250;
				LastUpgradeCheck = 1250;
				TargetAttributes = {
					5E27C33626E1BDAC008CFCB2 = {
						CreatedOnToolsVersion = 12.5.1;
					};
				};
			};
			buildConfigurationList = 5E27C33226E1BDAC008CFCB2 /* Build configuration list for PBXProject "ToysListIOS" */;
			compatibilityVersion = "Xcode 9.3";
			developmentRegion = en;
			hasScannedForEncodings = 0;
			knownRegions = (
				en,
				Base,
			);
			mainGroup = 5E27C32E26E1BDAC008CFCB2;
			productRefGroup = 5E27C33826E1BDAC008CFCB2 /* Products */;
			projectDirPath = "";
			projectRoot = "";
			targets = (
				5E27C33626E1BDAC008CFCB2 /* ToysListIOS */,
			);
		};
/* End PBXProject section */

/* Begin PBXResourcesBuildPhase section */
		5E27C33526E1BDAC008CFCB2 /* Resources */ = {
			isa = PBXResourcesBuildPhase;
			buildActionMask = 2147483647;
			files = (
				5E27C34726E1BDAF008CFCB2 /* LaunchScreen.storyboard in Resources */,
				5E1E27C626E2B53B0001FFA0 /* GoogleService-Info.plist in Resources */,
				5E27C34426E1BDAF008CFCB2 /* Assets.xcassets in Resources */,
				5E27C34226E1BDAC008CFCB2 /* Main.storyboard in Resources */,
			);
			runOnlyForDeploymentPostprocessing = 0;
		};
/* End PBXResourcesBuildPhase section */

/* Begin PBXShellScriptBuildPhase section */
		76F0EB9286BCBC4395CCDDB0 /* [CP] Embed Pods Frameworks */ = {
			isa = PBXShellScriptBuildPhase;
			buildActionMask = 2147483647;
			files = (
			);
			inputFileListPaths = (
				"${PODS_ROOT}/Target Support Files/Pods-ToysListIOS/Pods-ToysListIOS-frameworks-${CONFIGURATION}-input-files.xcfilelist",
			);
			name = "[CP] Embed Pods Frameworks";
			outputFileListPaths = (
				"${PODS_ROOT}/Target Support Files/Pods-ToysListIOS/Pods-ToysListIOS-frameworks-${CONFIGURATION}-output-files.xcfilelist",
			);
			runOnlyForDeploymentPostprocessing = 0;
			shellPath = /bin/sh;
			shellScript = "\"${PODS_ROOT}/Target Support Files/Pods-ToysListIOS/Pods-ToysListIOS-frameworks.sh\"\n";
			showEnvVarsInLog = 0;
		};
		B01214777113DBB9379A2A2F /* [CP] Check Pods Manifest.lock */ = {
			isa = PBXShellScriptBuildPhase;
			buildActionMask = 2147483647;
			files = (
			);
			inputFileListPaths = (
			);
			inputPaths = (
				"${PODS_PODFILE_DIR_PATH}/Podfile.lock",
				"${PODS_ROOT}/Manifest.lock",
			);
			name = "[CP] Check Pods Manifest.lock";
			outputFileListPaths = (
			);
			outputPaths = (
				"$(DERIVED_FILE_DIR)/Pods-ToysListIOS-checkManifestLockResult.txt",
			);
			runOnlyForDeploymentPostprocessing = 0;
			shellPath = /bin/sh;
			shellScript = "diff \"${PODS_PODFILE_DIR_PATH}/Podfile.lock\" \"${PODS_ROOT}/Manifest.lock\" > /dev/null\nif [ $? != 0 ] ; then\n    # print error to STDERR\n    echo \"error: The sandbox is not in sync with the Podfile.lock. Run 'pod install' or update your CocoaPods installation.\" >&2\n    exit 1\nfi\n# This output is used by Xcode 'outputs' to avoid re-running this script phase.\necho \"SUCCESS\" > \"${SCRIPT_OUTPUT_FILE_0}\"\n";
			showEnvVarsInLog = 0;
		};
/* End PBXShellScriptBuildPhase section */

/* Begin PBXSourcesBuildPhase section */
		5E27C33326E1BDAC008CFCB2 /* Sources */ = {
			isa = PBXSourcesBuildPhase;
			buildActionMask = 2147483647;
			files = (
				5E1E27CC26E327D30001FFA0 /* ToysTableViewCell.swift in Sources */,
				5E27C34F26E1C19A008CFCB2 /* ToysViewController.swift in Sources */,
				5E27C33B26E1BDAC008CFCB2 /* AppDelegate.swift in Sources */,
				5E1E27CA26E313F20001FFA0 /* ToysItem.swift in Sources */,
				5E1E27C826E2BA3B0001FFA0 /* ToysTableViewController.swift in Sources */,
				5E27C33D26E1BDAC008CFCB2 /* SceneDelegate.swift in Sources */,
			);
			runOnlyForDeploymentPostprocessing = 0;
		};
/* End PBXSourcesBuildPhase section */

/* Begin PBXVariantGroup section */
		5E27C34026E1BDAC008CFCB2 /* Main.storyboard */ = {
			isa = PBXVariantGroup;
			children = (
				5E27C34126E1BDAC008CFCB2 /* Base */,
			);
			name = Main.storyboard;
			sourceTree = "<group>";
		};
		5E27C34526E1BDAF008CFCB2 /* LaunchScreen.storyboard */ = {
			isa = PBXVariantGroup;
			children = (
				5E27C34626E1BDAF008CFCB2 /* Base */,
			);
			name = LaunchScreen.storyboard;
			sourceTree = "<group>";
		};
/* End PBXVariantGroup section */

/* Begin XCBuildConfiguration section */
		5E27C34926E1BDAF008CFCB2 /* Debug */ = {
			isa = XCBuildConfiguration;
			buildSettings = {
				ALWAYS_SEARCH_USER_PATHS = NO;
				CLANG_ANALYZER_NONNULL = YES;
				CLANG_ANALYZER_NUMBER_OBJECT_CONVERSION = YES_AGGRESSIVE;
				CLANG_CXX_LANGUAGE_STANDARD = "gnu++14";
				CLANG_CXX_LIBRARY = "libc++";
				CLANG_ENABLE_MODULES = YES;
				CLANG_ENABLE_OBJC_ARC = YES;
				CLANG_ENABLE_OBJC_WEAK = YES;
				CLANG_WARN_BLOCK_CAPTURE_AUTORELEASING = YES;
				CLANG_WARN_BOOL_CONVERSION = YES;
				CLANG_WARN_COMMA = YES;
				CLANG_WARN_CONSTANT_CONVERSION = YES;
				CLANG_WARN_DEPRECATED_OBJC_IMPLEMENTATIONS = YES;
				CLANG_WARN_DIRECT_OBJC_ISA_USAGE = YES_ERROR;
				CLANG_WARN_DOCUMENTATION_COMMENTS = YES;
				CLANG_WARN_EMPTY_BODY = YES;
				CLANG_WARN_ENUM_CONVERSION = YES;
				CLANG_WARN_INFINITE_RECURSION = YES;
				CLANG_WARN_INT_CONVERSION = YES;
				CLANG_WARN_NON_LITERAL_NULL_CONVERSION = YES;
				CLANG_WARN_OBJC_IMPLICIT_RETAIN_SELF = YES;
				CLANG_WARN_OBJC_LITERAL_CONVERSION = YES;
				CLANG_WARN_OBJC_ROOT_CLASS = YES_ERROR;
				CLANG_WARN_QUOTED_INCLUDE_IN_FRAMEWORK_HEADER = YES;
				CLANG_WARN_RANGE_LOOP_ANALYSIS = YES;
				CLANG_WARN_STRICT_PROTOTYPES = YES;
				CLANG_WARN_SUSPICIOUS_MOVE = YES;
				CLANG_WARN_UNGUARDED_AVAILABILITY = YES_AGGRESSIVE;
				CLANG_WARN_UNREACHABLE_CODE = YES;
				CLANG_WARN__DUPLICATE_METHOD_MATCH = YES;
				COPY_PHASE_STRIP = NO;
				DEBUG_INFORMATION_FORMAT = dwarf;
				ENABLE_STRICT_OBJC_MSGSEND = YES;
				ENABLE_TESTABILITY = YES;
				GCC_C_LANGUAGE_STANDARD = gnu11;
				GCC_DYNAMIC_NO_PIC = NO;
				GCC_NO_COMMON_BLOCKS = YES;
				GCC_OPTIMIZATION_LEVEL = 0;
				GCC_PREPROCESSOR_DEFINITIONS = (
					"DEBUG=1",
					"$(inherited)",
				);
				GCC_WARN_64_TO_32_BIT_CONVERSION = YES;
				GCC_WARN_ABOUT_RETURN_TYPE = YES_ERROR;
				GCC_WARN_UNDECLARED_SELECTOR = YES;
				GCC_WARN_UNINITIALIZED_AUTOS = YES_AGGRESSIVE;
				GCC_WARN_UNUSED_FUNCTION = YES;
				GCC_WARN_UNUSED_VARIABLE = YES;
				IPHONEOS_DEPLOYMENT_TARGET = 14.5;
				MTL_ENABLE_DEBUG_INFO = INCLUDE_SOURCE;
				MTL_FAST_MATH = YES;
				ONLY_ACTIVE_ARCH = YES;
				SDKROOT = iphoneos;
				SWIFT_ACTIVE_COMPILATION_CONDITIONS = DEBUG;
				SWIFT_OPTIMIZATION_LEVEL = "-Onone";
			};
			name = Debug;
		};
		5E27C34A26E1BDAF008CFCB2 /* Release */ = {
			isa = XCBuildConfiguration;
			buildSettings = {
				ALWAYS_SEARCH_USER_PATHS = NO;
				CLANG_ANALYZER_NONNULL = YES;
				CLANG_ANALYZER_NUMBER_OBJECT_CONVERSION = YES_AGGRESSIVE;
				CLANG_CXX_LANGUAGE_STANDARD = "gnu++14";
				CLANG_CXX_LIBRARY = "libc++";
				CLANG_ENABLE_MODULES = YES;
				CLANG_ENABLE_OBJC_ARC = YES;
				CLANG_ENABLE_OBJC_WEAK = YES;
				CLANG_WARN_BLOCK_CAPTURE_AUTORELEASING = YES;
				CLANG_WARN_BOOL_CONVERSION = YES;
				CLANG_WARN_COMMA = YES;
				CLANG_WARN_CONSTANT_CONVERSION = YES;
				CLANG_WARN_DEPRECATED_OBJC_IMPLEMENTATIONS = YES;
				CLANG_WARN_DIRECT_OBJC_ISA_USAGE = YES_ERROR;
				CLANG_WARN_DOCUMENTATION_COMMENTS = YES;
				CLANG_WARN_EMPTY_BODY = YES;
				CLANG_WARN_ENUM_CONVERSION = YES;
				CLANG_WARN_INFINITE_RECURSION = YES;
				CLANG_WARN_INT_CONVERSION = YES;
				CLANG_WARN_NON_LITERAL_NULL_CONVERSION = YES;
				CLANG_WARN_OBJC_IMPLICIT_RETAIN_SELF = YES;
				CLANG_WARN_OBJC_LITERAL_CONVERSION = YES;
				CLANG_WARN_OBJC_ROOT_CLASS = YES_ERROR;
				CLANG_WARN_QUOTED_INCLUDE_IN_FRAMEWORK_HEADER = YES;
				CLANG_WARN_RANGE_LOOP_ANALYSIS = YES;
				CLANG_WARN_STRICT_PROTOTYPES = YES;
				CLANG_WARN_SUSPICIOUS_MOVE = YES;
				CLANG_WARN_UNGUARDED_AVAILABILITY = YES_AGGRESSIVE;
				CLANG_WARN_UNREACHABLE_CODE = YES;
				CLANG_WARN__DUPLICATE_METHOD_MATCH = YES;
				COPY_PHASE_STRIP = NO;
				DEBUG_INFORMATION_FORMAT = "dwarf-with-dsym";
				ENABLE_NS_ASSERTIONS = NO;
				ENABLE_STRICT_OBJC_MSGSEND = YES;
				GCC_C_LANGUAGE_STANDARD = gnu11;
				GCC_NO_COMMON_BLOCKS = YES;
				GCC_WARN_64_TO_32_BIT_CONVERSION = YES;
				GCC_WARN_ABOUT_RETURN_TYPE = YES_ERROR;
				GCC_WARN_UNDECLARED_SELECTOR = YES;
				GCC_WARN_UNINITIALIZED_AUTOS = YES_AGGRESSIVE;
				GCC_WARN_UNUSED_FUNCTION = YES;
				GCC_WARN_UNUSED_VARIABLE = YES;
				IPHONEOS_DEPLOYMENT_TARGET = 14.5;
				MTL_ENABLE_DEBUG_INFO = NO;
				MTL_FAST_MATH = YES;
				SDKROOT = iphoneos;
				SWIFT_COMPILATION_MODE = wholemodule;
				SWIFT_OPTIMIZATION_LEVEL = "-O";
				VALIDATE_PRODUCT = YES;
			};
			name = Release;
		};
		5E27C34C26E1BDAF008CFCB2 /* Debug */ = {
			isa = XCBuildConfiguration;
			baseConfigurationReference = F4D9C0FAD8E83C6B67A8D9AB /* Pods-ToysListIOS.debug.xcconfig */;
			buildSettings = {
				ASSETCATALOG_COMPILER_APPICON_NAME = AppIcon;
				ASSETCATALOG_COMPILER_GLOBAL_ACCENT_COLOR_NAME = AccentColor;
				CODE_SIGN_STYLE = Automatic;
				DEVELOPMENT_TEAM = 2P2FZFB6GJ;
				INFOPLIST_FILE = ToysListIOS/Info.plist;
				LD_RUNPATH_SEARCH_PATHS = (
					"$(inherited)",
					"@executable_path/Frameworks",
				);
				PRODUCT_BUNDLE_IDENTIFIER = com.lemosandre.ToysListIOS;
				PRODUCT_NAME = "$(TARGET_NAME)";
				SWIFT_VERSION = 5.0;
				TARGETED_DEVICE_FAMILY = "1,2";
			};
			name = Debug;
		};
		5E27C34D26E1BDAF008CFCB2 /* Release */ = {
			isa = XCBuildConfiguration;
			baseConfigurationReference = 04CB7AC23BBE12F98EEA7F6D /* Pods-ToysListIOS.release.xcconfig */;
			buildSettings = {
				ASSETCATALOG_COMPILER_APPICON_NAME = AppIcon;
				ASSETCATALOG_COMPILER_GLOBAL_ACCENT_COLOR_NAME = AccentColor;
				CODE_SIGN_STYLE = Automatic;
				DEVELOPMENT_TEAM = 2P2FZFB6GJ;
				INFOPLIST_FILE = ToysListIOS/Info.plist;
				LD_RUNPATH_SEARCH_PATHS = (
					"$(inherited)",
					"@executable_path/Frameworks",
				);
				PRODUCT_BUNDLE_IDENTIFIER = com.lemosandre.ToysListIOS;
				PRODUCT_NAME = "$(TARGET_NAME)";
				SWIFT_VERSION = 5.0;
				TARGETED_DEVICE_FAMILY = "1,2";
			};
			name = Release;
		};
/* End XCBuildConfiguration section */

/* Begin XCConfigurationList section */
		5E27C33226E1BDAC008CFCB2 /* Build configuration list for PBXProject "ToysListIOS" */ = {
			isa = XCConfigurationList;
			buildConfigurations = (
				5E27C34926E1BDAF008CFCB2 /* Debug */,
				5E27C34A26E1BDAF008CFCB2 /* Release */,
			);
			defaultConfigurationIsVisible = 0;
			defaultConfigurationName = Release;
		};
		5E27C34B26E1BDAF008CFCB2 /* Build configuration list for PBXNativeTarget "ToysListIOS" */ = {
			isa = XCConfigurationList;
			buildConfigurations = (
				5E27C34C26E1BDAF008CFCB2 /* Debug */,
				5E27C34D26E1BDAF008CFCB2 /* Release */,
			);
			defaultConfigurationIsVisible = 0;
			defaultConfigurationName = Release;
		};
/* End XCConfigurationList section */
	};
	rootObject = 5E27C32F26E1BDAC008CFCB2 /* Project object */;
}
